<?xml version="1.0" encoding="UTF-8" standalone="yes" ?>
<CodeBlocks_project_file>
	<FileVersion major="1" minor="6" />
	<Project>
		<Option title="CityBuilder" />
		<Option pch_mode="2" />
		<Option compiler="gcc" />
		<Build>
			<Target title="Release">
				<Option output="bin/CityBuilder" prefix_auto="1" extension_auto="1" />
				<Option object_output="obj/" />
				<Option type="1" />
				<Option compiler="gcc" />
				<Compiler>
					<Add option="-O2" />
				</Compiler>
				<Linker>
					<Add option="-s" />
				</Linker>
			</Target>
		</Build>
		<Compiler>
			<Add option="-O2" />
			<Add option="-Wall" />
			<Add option="-std=c++14" />
			<Add option="-fexceptions" />
			<Add directory="src" />
		</Compiler>
		<Linker>
			<Add option="-lsfml-graphics -lsfml-window -lsfml-system" />
		</Linker>
		<Unit filename="src/Animation.cpp" />
		<Unit filename="src/Animation.h" />
		<Unit filename="src/AnimationHandler.cpp" />
		<Unit filename="src/AnimationHandler.h" />
		<Unit filename="src/Game.cpp" />
		<Unit filename="src/Game.h" />
		<Unit filename="src/GameState.cpp" />
		<Unit filename="src/GameState.h" />
		<Unit filename="src/GameStateEditor.cpp" />
		<Unit filename="src/GameStateEditor.h" />
		<Unit filename="src/GameStateStart.cpp" />
		<Unit filename="src/GameStateStart.h" />
		<Unit filename="src/Map.cpp" />
		<Unit filename="src/Map.h" />
		<Unit filename="src/TextureManager.cpp" />
		<Unit filename="src/TextureManager.h" />
		<Unit filename="src/Tile.cpp" />
		<Unit filename="src/Tile.h" />
		<Unit filename="src/main.cpp" />
		<Extensions>
			<code_completion />
			<envvars />
			<debugger />
			<lib_finder disable_auto="1" />
		</Extensions>
	</Project>
</CodeBlocks_project_file>
