<?xml version="1.0" encoding="UTF-8" standalone="yes" ?>
<CodeBlocks_project_file>
	<FileVersion major="1" minor="6" />
	<Project>
		<Option title="CityBuilder" />
		<Option pch_mode="2" />
		<Option compiler="gcc" />
		<Build>
			<Target title="Release">
				<Option output="bin/CityBuilder" prefix_auto="1" extension_auto="1" />
				<Option object_output="obj/" />
				<Option type="1" />
				<Option compiler="gcc" />
				<Compiler>
					<Add option="-O3" />
					<Add directory="include" />
				</Compiler>
				<Linker>
					<Add option="-s" />
				</Linker>
			</Target>
			<Target title="Debug">
				<Option output="bin/debug/CityBuilder" prefix_auto="1" extension_auto="1" />
				<Option object_output="obj/debug/" />
				<Option type="1" />
				<Option compiler="gcc" />
				<Compiler>
					<Add option="-g" />
					<Add directory="include" />
				</Compiler>
			</Target>
		</Build>
		<Compiler>
			<Add option="-Wall" />
			<Add option="-std=c++14" />
			<Add option="-fexceptions" />
			<Add directory="src" />
		</Compiler>
		<Linker>
			<Add option="-ltinyxml2" />
			<Add option="-lsfml-audio -lsfml-graphics -lsfml-window -lsfml-system" />
		</Linker>
		<Unit filename="src/ai/Goal.h" />
		<Unit filename="src/ai/Kinematic.cpp" />
		<Unit filename="src/ai/Kinematic.h" />
		<Unit filename="src/ai/Path.cpp" />
		<Unit filename="src/ai/Path.h" />
		<Unit filename="src/ai/SteeringBehaviors.cpp" />
		<Unit filename="src/ai/SteeringBehaviors.h" />
		<Unit filename="src/audio/AudioEngine.cpp" />
		<Unit filename="src/audio/AudioEngine.h" />
		<Unit filename="src/city/Building.cpp" />
		<Unit filename="src/city/Building.h" />
		<Unit filename="src/city/Business.cpp" />
		<Unit filename="src/city/Business.h" />
		<Unit filename="src/city/CallForBids.cpp" />
		<Unit filename="src/city/CallForBids.h" />
		<Unit filename="src/city/Car.cpp" />
		<Unit filename="src/city/Car.h" />
		<Unit filename="src/city/City.cpp" />
		<Unit filename="src/city/City.h" />
		<Unit filename="src/city/Company.cpp" />
		<Unit filename="src/city/Company.h" />
		<Unit filename="src/city/Contract.h" />
		<Unit filename="src/city/Good.h" />
		<Unit filename="src/city/Housing.cpp" />
		<Unit filename="src/city/Housing.h" />
		<Unit filename="src/city/Industry.cpp" />
		<Unit filename="src/city/Industry.h" />
		<Unit filename="src/city/Map.cpp" />
		<Unit filename="src/city/Map.h" />
		<Unit filename="src/city/Market.h" />
		<Unit filename="src/city/Network.cpp" />
		<Unit filename="src/city/Network.h" />
		<Unit filename="src/city/Person.cpp" />
		<Unit filename="src/city/Person.h" />
		<Unit filename="src/city/Road.cpp" />
		<Unit filename="src/city/Road.h" />
		<Unit filename="src/city/Service.cpp" />
		<Unit filename="src/city/Service.h" />
		<Unit filename="src/city/Tile.cpp" />
		<Unit filename="src/city/Tile.h" />
		<Unit filename="src/game/BuildingWindow.cpp" />
		<Unit filename="src/game/BuildingWindow.h" />
		<Unit filename="src/game/Game.cpp" />
		<Unit filename="src/game/Game.h" />
		<Unit filename="src/game/GameState.cpp" />
		<Unit filename="src/game/GameState.h" />
		<Unit filename="src/game/GameStateEditor.cpp" />
		<Unit filename="src/game/GameStateEditor.h" />
		<Unit filename="src/game/GameStateStart.cpp" />
		<Unit filename="src/game/GameStateStart.h" />
		<Unit filename="src/game/PersonWindow.cpp" />
		<Unit filename="src/game/PersonWindow.h" />
		<Unit filename="src/gui/Gui.cpp" />
		<Unit filename="src/gui/Gui.h" />
		<Unit filename="src/gui/GuiBoxLayout.cpp" />
		<Unit filename="src/gui/GuiBoxLayout.h" />
		<Unit filename="src/gui/GuiButton.cpp" />
		<Unit filename="src/gui/GuiButton.h" />
		<Unit filename="src/gui/GuiEvent.cpp" />
		<Unit filename="src/gui/GuiEvent.h" />
		<Unit filename="src/gui/GuiHBoxLayout.cpp" />
		<Unit filename="src/gui/GuiHBoxLayout.h" />
		<Unit filename="src/gui/GuiImage.cpp" />
		<Unit filename="src/gui/GuiImage.h" />
		<Unit filename="src/gui/GuiLayout.cpp" />
		<Unit filename="src/gui/GuiLayout.h" />
		<Unit filename="src/gui/GuiOverlapLayout.cpp" />
		<Unit filename="src/gui/GuiOverlapLayout.h" />
		<Unit filename="src/gui/GuiTabWidget.cpp" />
		<Unit filename="src/gui/GuiTabWidget.h" />
		<Unit filename="src/gui/GuiText.cpp" />
		<Unit filename="src/gui/GuiText.h" />
		<Unit filename="src/gui/GuiVBoxLayout.cpp" />
		<Unit filename="src/gui/GuiVBoxLayout.h" />
		<Unit filename="src/gui/GuiWidget.cpp" />
		<Unit filename="src/gui/GuiWidget.h" />
		<Unit filename="src/gui/GuiWindow.cpp" />
		<Unit filename="src/gui/GuiWindow.h" />
		<Unit filename="src/input/InputEngine.cpp" />
		<Unit filename="src/input/InputEngine.h" />
		<Unit filename="src/main.cpp" />
		<Unit filename="src/message/Mailbox.cpp" />
		<Unit filename="src/message/Mailbox.h" />
		<Unit filename="src/message/Message.h" />
		<Unit filename="src/message/MessageBus.cpp" />
		<Unit filename="src/message/MessageBus.h" />
		<Unit filename="src/message/MessageType.h" />
		<Unit filename="src/message/Subject.cpp" />
		<Unit filename="src/message/Subject.h" />
		<Unit filename="src/pcg/CompanyGenerator.cpp" />
		<Unit filename="src/pcg/CompanyGenerator.h" />
		<Unit filename="src/pcg/PersonGenerator.cpp" />
		<Unit filename="src/pcg/PersonGenerator.h" />
		<Unit filename="src/pcg/TerrainGenerator.cpp" />
		<Unit filename="src/pcg/TerrainGenerator.h" />
		<Unit filename="src/pcg/noise.cpp" />
		<Unit filename="src/pcg/noise.h" />
		<Unit filename="src/render/Animation.cpp" />
		<Unit filename="src/render/Animation.h" />
		<Unit filename="src/render/Animator.cpp" />
		<Unit filename="src/render/Animator.h" />
		<Unit filename="src/render/RenderEngine.cpp" />
		<Unit filename="src/render/RenderEngine.h" />
		<Unit filename="src/render/sprite_intersection.cpp" />
		<Unit filename="src/render/sprite_intersection.h" />
		<Unit filename="src/resource/FontManager.cpp" />
		<Unit filename="src/resource/FontManager.h" />
		<Unit filename="src/resource/GuiManager.cpp" />
		<Unit filename="src/resource/GuiManager.h" />
		<Unit filename="src/resource/ImageManager.cpp" />
		<Unit filename="src/resource/ImageManager.h" />
		<Unit filename="src/resource/MusicManager.cpp" />
		<Unit filename="src/resource/MusicManager.h" />
		<Unit filename="src/resource/PropertyList.cpp" />
		<Unit filename="src/resource/PropertyList.h" />
		<Unit filename="src/resource/ResourceManager.cpp" />
		<Unit filename="src/resource/ResourceManager.h" />
		<Unit filename="src/resource/StylesheetManager.cpp" />
		<Unit filename="src/resource/StylesheetManager.h" />
		<Unit filename="src/resource/TextureManager.cpp" />
		<Unit filename="src/resource/TextureManager.h" />
		<Unit filename="src/resource/XmlDocument.cpp" />
		<Unit filename="src/resource/XmlDocument.h" />
		<Unit filename="src/resource/XmlManager.cpp" />
		<Unit filename="src/resource/XmlManager.h" />
		<Unit filename="src/util/Array2.h" />
		<Unit filename="src/util/Id.h" />
		<Unit filename="src/util/IdManager.h" />
		<Unit filename="src/util/NonCopyable.h" />
		<Unit filename="src/util/NonMovable.h" />
		<Unit filename="src/util/Vector.cpp" />
		<Unit filename="src/util/Vector.h" />
		<Unit filename="src/util/common.cpp" />
		<Unit filename="src/util/common.h" />
		<Unit filename="src/util/enum.h" />
		<Extensions>
			<code_completion />
			<envvars />
			<debugger />
			<lib_finder disable_auto="1" />
		</Extensions>
	</Project>
</CodeBlocks_project_file>
