<?xml version="1.0" encoding="UTF-8" standalone="yes" ?>
<CodeBlocks_project_file>
	<FileVersion major="1" minor="6" />
	<Project>
		<Option title="CityBuilder" />
		<Option pch_mode="2" />
		<Option compiler="gcc" />
		<Build>
			<Target title="Release">
				<Option output="bin/CityBuilder" prefix_auto="1" extension_auto="1" />
				<Option object_output="obj/" />
				<Option type="1" />
				<Option compiler="gcc" />
				<Compiler>
					<Add option="-O2" />
				</Compiler>
				<Linker>
					<Add option="-s" />
				</Linker>
			</Target>
		</Build>
		<Compiler>
			<Add option="-O2" />
			<Add option="-Wall" />
			<Add option="-std=c++14" />
			<Add option="-fexceptions" />
			<Add directory="src" />
		</Compiler>
		<Linker>
			<Add option="-ltinyxml2" />
			<Add option="-lsfml-graphics -lsfml-window -lsfml-system" />
		</Linker>
		<Unit filename="src/City.cpp" />
		<Unit filename="src/City.h" />
		<Unit filename="src/Game.cpp" />
		<Unit filename="src/Game.h" />
		<Unit filename="src/GameState.cpp" />
		<Unit filename="src/GameState.h" />
		<Unit filename="src/GameStateEditor.cpp" />
		<Unit filename="src/GameStateEditor.h" />
		<Unit filename="src/GameStateStart.cpp" />
		<Unit filename="src/GameStateStart.h" />
		<Unit filename="src/Map.cpp" />
		<Unit filename="src/Map.h" />
		<Unit filename="src/Tile.cpp" />
		<Unit filename="src/Tile.h" />
		<Unit filename="src/graphics/Animation.cpp" />
		<Unit filename="src/graphics/Animation.h" />
		<Unit filename="src/graphics/AnimationHandler.cpp" />
		<Unit filename="src/graphics/AnimationHandler.h" />
		<Unit filename="src/graphics/RenderEngine.cpp" />
		<Unit filename="src/graphics/RenderEngine.h" />
		<Unit filename="src/gui/Gui.cpp" />
		<Unit filename="src/gui/Gui.h" />
		<Unit filename="src/gui/GuiEntry.cpp" />
		<Unit filename="src/gui/GuiEntry.h" />
		<Unit filename="src/gui/GuiStyle.cpp" />
		<Unit filename="src/gui/GuiStyle.h" />
		<Unit filename="src/input/InputEngine.cpp" />
		<Unit filename="src/input/InputEngine.h" />
		<Unit filename="src/main.cpp" />
		<Unit filename="src/message/Mailbox.cpp" />
		<Unit filename="src/message/Mailbox.h" />
		<Unit filename="src/message/Message.h" />
		<Unit filename="src/message/MessageBus.cpp" />
		<Unit filename="src/message/MessageBus.h" />
		<Unit filename="src/message/MessageType.h" />
		<Unit filename="src/message/Subject.cpp" />
		<Unit filename="src/message/Subject.h" />
		<Unit filename="src/resource/FontManager.cpp" />
		<Unit filename="src/resource/FontManager.h" />
		<Unit filename="src/resource/ResourceManager.cpp" />
		<Unit filename="src/resource/ResourceManager.h" />
		<Unit filename="src/resource/StylesheetManager.cpp" />
		<Unit filename="src/resource/StylesheetManager.h" />
		<Unit filename="src/resource/TextureManager.cpp" />
		<Unit filename="src/resource/TextureManager.h" />
		<Unit filename="src/util/Array2.h" />
		<Unit filename="src/util/Id.h" />
		<Unit filename="src/util/IdManager.h" />
		<Extensions>
			<code_completion />
			<envvars />
			<debugger />
			<lib_finder disable_auto="1" />
		</Extensions>
	</Project>
</CodeBlocks_project_file>
